
Microsoft Visual Studio Solution File, Format Version 12.00
# Visual Studio 2012
Project("{FAE04EC0-301F-11D3-BF4B-00C04F79EFBC}") = "HW1_CS408", "HW1_CS408\HW1_CS408.csproj", "{43E44B1E-E294-4BFA-AE39-0E2AD7D3C99B}"
EndProject
Global
	GlobalSection(SolutionConfigurationPlatforms) = preSolution
		Debug|Any CPU = Debug|Any CPU
		Release|Any CPU = Release|Any CPU
	EndGlobalSection
	GlobalSection(ProjectConfigurationPlatforms) = postSolution
		{43E44B1E-E294-4BFA-AE39-0E2AD7D3C99B}.Debug|Any CPU.ActiveCfg = Debug|Any CPU
		{43E44B1E-E294-4BFA-AE39-0E2AD7D3C99B}.Debug|Any CPU.Build.0 = Debug|Any CPU
		{43E44B1E-E294-4BFA-AE39-0E2AD7D3C99B}.Release|Any CPU.ActiveCfg = Release|Any CPU
		{43E44B1E-E294-4BFA-AE39-0E2AD7D3C99B}.Release|Any CPU.Build.0 = Release|Any CPU
	EndGlobalSection
	GlobalSection(SolutionProperties) = preSolution
		HideSolutionNode = FALSE
	EndGlobalSection
EndGlobal
